{
  "name": "ko-jsx",
  "version": "0.0.18",
  "lockfileVersion": 1,
  "requires": true,
  "dependencies": {
    "@babel/helper-plugin-utils": {
      "version": "7.0.0-rc.1",
      "resolved": "https://registry.npmjs.org/@babel/helper-plugin-utils/-/helper-plugin-utils-7.0.0-rc.1.tgz",
      "integrity": "sha512-8ZNzqHXDhT/JjnBvrLKu8AL7NhONVIsnrfyQNm3PJNmufIER5kcIa3OxPMGWgNqox2R8WeQ6YYzYTLNXqq4kgQ==",
      "dev": true
    },
    "@babel/plugin-syntax-jsx": {
      "version": "7.0.0-rc.1",
      "resolved": "https://registry.npmjs.org/@babel/plugin-syntax-jsx/-/plugin-syntax-jsx-7.0.0-rc.1.tgz",
      "integrity": "sha512-n0BcD2LmCrQkDKRhUd7lSiXiRpbo6Z7x77v3FSuevH5oWTFChjX34vHCCOszgVP37NLAxhuf4Jz0KwiPgXnexg==",
      "dev": true,
      "requires": {
        "@babel/helper-plugin-utils": "7.0.0-rc.1"
      }
    },
    "@tko/computed": {
      "version": "4.0.0-alpha6.3",
      "resolved": "https://registry.npmjs.org/@tko/computed/-/computed-4.0.0-alpha6.3.tgz",
      "integrity": "sha512-3w8haIa9hJYQ6Xw4nUA2QTkae1aoCbhnfVPaKaBCH33wqnD07YlnueQordpaVeodOTu4fF8HDoughuojtRh50g==",
      "dev": true,
      "requires": {
        "@tko/observable": "^4.0.0-alpha6.3",
        "@tko/utils": "^4.0.0-alpha6.3",
        "tslib": "^1.8.0"
      }
    },
    "@tko/observable": {
      "version": "4.0.0-alpha6.3",
      "resolved": "https://registry.npmjs.org/@tko/observable/-/observable-4.0.0-alpha6.3.tgz",
      "integrity": "sha512-Mev0NnkHRYhFcae3nLgsKuOs3Bx2jcGv/JxOUel5k+qEa0rwx42BWAwziKI7qXxCKi8LiazIYJ5u7yQyoyFtRg==",
      "dev": true,
      "requires": {
        "@tko/utils": "^4.0.0-alpha6.3",
        "tslib": "^1.8.0"
      }
    },
    "@tko/utils": {
      "version": "4.0.0-alpha6.3",
      "resolved": "https://registry.npmjs.org/@tko/utils/-/utils-4.0.0-alpha6.3.tgz",
      "integrity": "sha512-VaJxOZuFB30NXLUxKjgiGC3qGcX5YYhTBLI/oavV/tzgl8dVnr5MkRfpIjNfYIvKkk4hsy4e9eZtNpddahLlNg==",
      "dev": true,
      "requires": {
        "tslib": "^1.8.0"
      }
    },
    "@types/estree": {
      "version": "0.0.39",
      "resolved": "https://registry.npmjs.org/@types/estree/-/estree-0.0.39.tgz",
      "integrity": "sha512-EYNwp3bU+98cpU4lAWYYL7Zz+2gryWH1qbdDTidVd6hkiR6weksdbMadyXKXNPEkQFhXM+hVO9ZygomHXp+AIw==",
      "dev": true
    },
    "@types/node": {
      "version": "10.7.1",
      "resolved": "https://registry.npmjs.org/@types/node/-/node-10.7.1.tgz",
      "integrity": "sha512-EGoI4ylB/lPOaqXqtzAyL8HcgOuCtH2hkEaLmkueOYufsTFWBn4VCvlCDC2HW8Q+9iF+QVC3sxjDKQYjHQeZ9w==",
      "dev": true
    },
    "babel-plugin-jsx-dom-expressions": {
      "version": "0.0.29",
      "resolved": "https://registry.npmjs.org/babel-plugin-jsx-dom-expressions/-/babel-plugin-jsx-dom-expressions-0.0.29.tgz",
      "integrity": "sha512-B1w8fsC853yt5O8XEalgmcPhaTNRETsz61N+HbjeG+Fg1bEODXDyZ2Ts7uhBepcGVozUsqUKEIjrtA1lRvW8NQ==",
      "dev": true,
      "requires": {
        "@babel/plugin-syntax-jsx": "^7.0.0-beta.56"
      }
    },
    "builtin-modules": {
      "version": "2.0.0",
      "resolved": "https://registry.npmjs.org/builtin-modules/-/builtin-modules-2.0.0.tgz",
      "integrity": "sha512-3U5kUA5VPsRUA3nofm/BXX7GVHKfxz0hOBAPxXrIvHzlDRkQVqEn6yi8QJegxl4LzOHLdvb7XF5dVawa/VVYBg==",
      "dev": true
    },
    "is-module": {
      "version": "1.0.0",
      "resolved": "https://registry.npmjs.org/is-module/-/is-module-1.0.0.tgz",
      "integrity": "sha1-Mlj7afeMFNW4FdZkM2tM/7ZEFZE=",
      "dev": true
    },
    "path-parse": {
      "version": "1.0.6",
      "resolved": "https://registry.npmjs.org/path-parse/-/path-parse-1.0.6.tgz",
      "integrity": "sha512-GSmOT2EbHrINBf9SR7CDELwlJ8AENk3Qn7OikK4nFYAu3Ote2+JYNVvkpAEQm3/TLNEJFD/xZJjzyxg3KBWOzw==",
      "dev": true
    },
    "resolve": {
      "version": "1.8.1",
      "resolved": "https://registry.npmjs.org/resolve/-/resolve-1.8.1.tgz",
      "integrity": "sha512-AicPrAC7Qu1JxPCZ9ZgCZlY35QgFnNqc+0LtbRNxnVw4TXvjQ72wnuL9JQcEBgXkI9JM8MsT9kaQoHcpCRJOYA==",
      "dev": true,
      "requires": {
        "path-parse": "^1.0.5"
      }
    },
    "rollup": {
      "version": "0.64.1",
      "resolved": "https://registry.npmjs.org/rollup/-/rollup-0.64.1.tgz",
      "integrity": "sha512-+ThdVXrvonJdOTzyybMBipP0uz605Z8AnzWVY3rf+cSGnLO7uNkJBlN+9jXqWOomkvumXfm/esmBpA5d53qm7g==",
      "dev": true,
      "requires": {
        "@types/estree": "0.0.39",
        "@types/node": "*"
      }
    },
    "rollup-plugin-node-resolve": {
      "version": "3.3.0",
      "resolved": "https://registry.npmjs.org/rollup-plugin-node-resolve/-/rollup-plugin-node-resolve-3.3.0.tgz",
      "integrity": "sha512-9zHGr3oUJq6G+X0oRMYlzid9fXicBdiydhwGChdyeNRGPcN/majtegApRKHLR5drboUvEWU+QeUmGTyEZQs3WA==",
      "dev": true,
      "requires": {
        "builtin-modules": "^2.0.0",
        "is-module": "^1.0.0",
        "resolve": "^1.1.6"
      }
    },
    "tslib": {
      "version": "1.9.3",
      "resolved": "https://registry.npmjs.org/tslib/-/tslib-1.9.3.tgz",
      "integrity": "sha512-4krF8scpejhaOgqzBEcGM7yDIEfi0/8+8zDRZhNZZ2kjmHJ4hv3zCbQWxoJGz1iw5U0Jl0nma13xzHXcncMavQ==",
      "dev": true
    }
  }
}
